# This file is autogenerated, do not edit; changes may be undone by the next 'dep ensure'.


[[projects]]
  branch = "master"
  digest = "1:8bf330d8d9ead6446e2b08e4b1feb3c64dadb2b18eacf7093617ca6ea8dce1e2"
  name = "github.com/Alkorin/nflog"
  packages = ["."]
  pruneopts = "UT"
  revision = "478e68181c46c59d769ee5ac5d00aa9a803145b3"

[[projects]]
  digest = "1:f4a5cb1ae095b963754584170d952558d3d123f486405bad52d279daa417d67b"
  name = "github.com/google/gopacket"
  packages = [
    ".",
    "layers",
  ]
  pruneopts = "UT"
  revision = "11c65f1ca9081dfea43b4f9643f5c155583b73ba"
  version = "v1.1.14"

[[projects]]
  branch = "master"
  digest = "1:7679523acab7ab7d18ac9e00b46991470a212a1e3dc653027db8f331b02397a2"
  name = "golang.org/x/net"
  packages = [
    "bpf",
    "internal/iana",
    "internal/socket",
    "ipv4",
    "ipv6",
  ]
  pruneopts = "UT"
  revision = "aaf60122140d3fcf75376d319f0554393160eb50"

[solve-meta]
  analyzer-name = "dep"
  analyzer-version = 1
  input-imports = [
    "github.com/Alkorin/nflog",
    "github.com/google/gopacket",
    "github.com/google/gopacket/layers",
    "golang.org/x/net/ipv4",
    "golang.org/x/net/ipv6",
  ]
  solver-name = "gps-cdcl"
  solver-version = 1
